
Microsoft Visual Studio Solution File, Format Version 12.00
# Visual Studio Version 17
VisualStudioVersion = 17.13.35825.156
MinimumVisualStudioVersion = 10.0.40219.1
Project("{FAE04EC0-301F-11D3-BF4B-00C04F79EFBC}") = "PhotoTimingDjaus", "PhotoTimingDjaus\PhotoTimingDjaus.csproj", "{E4BC8DB3-0857-4B31-97E9-8376BB6CE124}"
EndProject
Project("{FAE04EC0-301F-11D3-BF4B-00C04F79EFBC}") = "AthStitcher", "AthStitcher\AthStitcher.csproj", "{898547B9-461D-7F05-3838-DF1EE59AF6D2}"
EndProject
Project("{FAE04EC0-301F-11D3-BF4B-00C04F79EFBC}") = "StitchInTimeMaui", "StitchInTime\StitchInTimeMaui.csproj", "{ECE00AFD-8C9A-4B7F-8D4B-7767F11D4997}"
EndProject
Project("{FAE04EC0-301F-11D3-BF4B-00C04F79EFBC}") = "PhotoTimingDjausLib", "PhotoTimingDjausLib\PhotoTimingDjausLib.csproj", "{6A5635AB-E14C-81E5-BB68-1928C1E8C8CD}"
EndProject
Project("{FAE04EC0-301F-11D3-BF4B-00C04F79EFBC}") = "PhotoTimingDjausLibAndroid", "PhotoTimingDjausLibAndroid\PhotoTimingDjausLibAndroid.csproj", "{E6BB21FD-8A7F-9711-132C-D09771B4581A}"
EndProject
Project("{FAE04EC0-301F-11D3-BF4B-00C04F79EFBC}") = "DetectVideoFlash", "DetectVideoFlash\DetectVideoFlash.csproj", "{A9C61CC3-6D2E-4530-B8E9-976E22B6D529}"
EndProject
Project("{2150E333-8FDC-42A3-9474-1A3956D46DE8}") = "Solution Items", "Solution Items", "{8EC462FD-D22E-90A8-E5CE-7E832BA40C5D}"
	ProjectSection(SolutionItems) = preProject
		README.md = README.md
	EndProjectSection
EndProject
Project("{FAE04EC0-301F-11D3-BF4B-00C04F79EFBC}") = "VideoEnums", "VideoEnums\VideoEnums.csproj", "{4412B4E7-247F-4072-8AB6-9E708DE13598}"
EndProject
Project("{2150E333-8FDC-42A3-9474-1A3956D46DE8}") = "vid", "vid", "{02EA681E-C7D8-13C7-8484-4AC65E1B71E8}"
	ProjectSection(SolutionItems) = preProject
		vid\fromflash.json = vid\fromflash.json
		vid\fromflash.mp4 = vid\fromflash.mp4
		vid\fromflash_GUNFLASH_.mp4 = vid\fromflash_GUNFLASH_.mp4
		vid\fromgun.json = vid\fromgun.json
		vid\fromgun.mp4 = vid\fromgun.mp4
		vid\fromgun_GUNSOUND_.mp4 = vid\fromgun_GUNSOUND_.mp4
		vid\fromvideostart.json = vid\fromvideostart.json
		vid\fromvideostart.mp4 = vid\fromvideostart.mp4
		vid\manual.json = vid\manual.json
		vid\manual.mp4 = vid\manual.mp4
		vid\wallclock.json = vid\wallclock.json
		vid\wallclock.mp4 = vid\wallclock.mp4
	EndProjectSection
EndProject
Global
	GlobalSection(SolutionConfigurationPlatforms) = preSolution
		Debug|Any CPU = Debug|Any CPU
		Release|Any CPU = Release|Any CPU
	EndGlobalSection
	GlobalSection(ProjectConfigurationPlatforms) = postSolution
		{E4BC8DB3-0857-4B31-97E9-8376BB6CE124}.Debug|Any CPU.ActiveCfg = Debug|Any CPU
		{E4BC8DB3-0857-4B31-97E9-8376BB6CE124}.Debug|Any CPU.Build.0 = Debug|Any CPU
		{E4BC8DB3-0857-4B31-97E9-8376BB6CE124}.Release|Any CPU.ActiveCfg = Release|Any CPU
		{E4BC8DB3-0857-4B31-97E9-8376BB6CE124}.Release|Any CPU.Build.0 = Release|Any CPU
		{898547B9-461D-7F05-3838-DF1EE59AF6D2}.Debug|Any CPU.ActiveCfg = Debug|Any CPU
		{898547B9-461D-7F05-3838-DF1EE59AF6D2}.Debug|Any CPU.Build.0 = Debug|Any CPU
		{898547B9-461D-7F05-3838-DF1EE59AF6D2}.Release|Any CPU.ActiveCfg = Release|Any CPU
		{898547B9-461D-7F05-3838-DF1EE59AF6D2}.Release|Any CPU.Build.0 = Release|Any CPU
		{ECE00AFD-8C9A-4B7F-8D4B-7767F11D4997}.Debug|Any CPU.ActiveCfg = Debug|Any CPU
		{ECE00AFD-8C9A-4B7F-8D4B-7767F11D4997}.Debug|Any CPU.Build.0 = Debug|Any CPU
		{ECE00AFD-8C9A-4B7F-8D4B-7767F11D4997}.Debug|Any CPU.Deploy.0 = Debug|Any CPU
		{ECE00AFD-8C9A-4B7F-8D4B-7767F11D4997}.Release|Any CPU.ActiveCfg = Release|Any CPU
		{ECE00AFD-8C9A-4B7F-8D4B-7767F11D4997}.Release|Any CPU.Build.0 = Release|Any CPU
		{ECE00AFD-8C9A-4B7F-8D4B-7767F11D4997}.Release|Any CPU.Deploy.0 = Release|Any CPU
		{6A5635AB-E14C-81E5-BB68-1928C1E8C8CD}.Debug|Any CPU.ActiveCfg = Debug|Any CPU
		{6A5635AB-E14C-81E5-BB68-1928C1E8C8CD}.Debug|Any CPU.Build.0 = Debug|Any CPU
		{6A5635AB-E14C-81E5-BB68-1928C1E8C8CD}.Release|Any CPU.ActiveCfg = Release|Any CPU
		{6A5635AB-E14C-81E5-BB68-1928C1E8C8CD}.Release|Any CPU.Build.0 = Release|Any CPU
		{E6BB21FD-8A7F-9711-132C-D09771B4581A}.Debug|Any CPU.ActiveCfg = Debug|Any CPU
		{E6BB21FD-8A7F-9711-132C-D09771B4581A}.Debug|Any CPU.Build.0 = Debug|Any CPU
		{E6BB21FD-8A7F-9711-132C-D09771B4581A}.Release|Any CPU.ActiveCfg = Release|Any CPU
		{E6BB21FD-8A7F-9711-132C-D09771B4581A}.Release|Any CPU.Build.0 = Release|Any CPU
		{A9C61CC3-6D2E-4530-B8E9-976E22B6D529}.Debug|Any CPU.ActiveCfg = Debug|Any CPU
		{A9C61CC3-6D2E-4530-B8E9-976E22B6D529}.Debug|Any CPU.Build.0 = Debug|Any CPU
		{A9C61CC3-6D2E-4530-B8E9-976E22B6D529}.Release|Any CPU.ActiveCfg = Release|Any CPU
		{A9C61CC3-6D2E-4530-B8E9-976E22B6D529}.Release|Any CPU.Build.0 = Release|Any CPU
		{4412B4E7-247F-4072-8AB6-9E708DE13598}.Debug|Any CPU.ActiveCfg = Debug|Any CPU
		{4412B4E7-247F-4072-8AB6-9E708DE13598}.Debug|Any CPU.Build.0 = Debug|Any CPU
		{4412B4E7-247F-4072-8AB6-9E708DE13598}.Release|Any CPU.ActiveCfg = Release|Any CPU
		{4412B4E7-247F-4072-8AB6-9E708DE13598}.Release|Any CPU.Build.0 = Release|Any CPU
	EndGlobalSection
	GlobalSection(SolutionProperties) = preSolution
		HideSolutionNode = FALSE
	EndGlobalSection
	GlobalSection(NestedProjects) = preSolution
		{02EA681E-C7D8-13C7-8484-4AC65E1B71E8} = {8EC462FD-D22E-90A8-E5CE-7E832BA40C5D}
	EndGlobalSection
	GlobalSection(ExtensibilityGlobals) = postSolution
		SolutionGuid = {2690AABE-FD8E-48A3-9983-3C385E7668A0}
	EndGlobalSection
EndGlobal
