
Microsoft Visual Studio Solution File, Format Version 12.00
# Visual Studio Version 17
VisualStudioVersion = 17.13.35825.156
MinimumVisualStudioVersion = 10.0.40219.1
Project("{FAE04EC0-301F-11D3-BF4B-00C04F79EFBC}") = "PhotoTimingDjaus", "PhotoTimingDjaus\PhotoTimingDjaus.csproj", "{E4BC8DB3-0857-4B31-97E9-8376BB6CE124}"
EndProject
Project("{FAE04EC0-301F-11D3-BF4B-00C04F79EFBC}") = "AthStitcher", "AthStitcher\AthStitcher.csproj", "{898547B9-461D-7F05-3838-DF1EE59AF6D2}"
EndProject
Project("{FAE04EC0-301F-11D3-BF4B-00C04F79EFBC}") = "StitchInTimeMaui", "StitchInTime\StitchInTimeMaui.csproj", "{ECE00AFD-8C9A-4B7F-8D4B-7767F11D4997}"
EndProject
Project("{FAE04EC0-301F-11D3-BF4B-00C04F79EFBC}") = "PhotoTimingDjausLib", "PhotoTimingDjausLib\PhotoTimingDjausLib.csproj", "{6A5635AB-E14C-81E5-BB68-1928C1E8C8CD}"
EndProject
Project("{FAE04EC0-301F-11D3-BF4B-00C04F79EFBC}") = "PhotoTimingDjausLibAndroid", "PhotoTimingDjausLibAndroid\PhotoTimingDjausLibAndroid.csproj", "{E6BB21FD-8A7F-9711-132C-D09771B4581A}"
EndProject
Project("{FAE04EC0-301F-11D3-BF4B-00C04F79EFBC}") = "DetectVideoFlash", "DetectVideoFlash\DetectVideoFlash.csproj", "{A9C61CC3-6D2E-4530-B8E9-976E22B6D529}"
EndProject
Project("{2150E333-8FDC-42A3-9474-1A3956D46DE8}") = "Solution Items", "Solution Items", "{8EC462FD-D22E-90A8-E5CE-7E832BA40C5D}"
	ProjectSection(SolutionItems) = preProject
		AthStitcherInstall\AthStitcherInstall_TemporaryKey.pfx = AthStitcherInstall\AthStitcherInstall_TemporaryKey.pfx
		AthStitcherUpdatesHistory.md = AthStitcherUpdatesHistory.md
		Directory.Packages.props = Directory.Packages.props
		README.md = README.md
	EndProjectSection
EndProject
Project("{2150E333-8FDC-42A3-9474-1A3956D46DE8}") = "vid", "vid", "{02EA681E-C7D8-13C7-8484-4AC65E1B71E8}"
	ProjectSection(SolutionItems) = preProject
		vid\fromflash.json = vid\fromflash.json
		vid\fromflash.mp4 = vid\fromflash.mp4
		vid\fromflash_GUNFLASH_.mp4 = vid\fromflash_GUNFLASH_.mp4
		vid\fromgun.json = vid\fromgun.json
		vid\fromgun.mp4 = vid\fromgun.mp4
		vid\fromgun_GUNSOUND_.mp4 = vid\fromgun_GUNSOUND_.mp4
		vid\fromvideostart.json = vid\fromvideostart.json
		vid\fromvideostart.mp4 = vid\fromvideostart.mp4
		vid\manual.json = vid\manual.json
		vid\manual.mp4 = vid\manual.mp4
		vid\wallclock.json = vid\wallclock.json
		vid\wallclock.mp4 = vid\wallclock.mp4
	EndProjectSection
EndProject
Project("{FAE04EC0-301F-11D3-BF4B-00C04F79EFBC}") = "GetVideoWPFLib", "GetVideoWPFLib\GetVideoWPFLib.csproj", "{5E3D1EBB-75BE-5D77-2243-2AF9A25A7770}"
EndProject
Project("{FAE04EC0-301F-11D3-BF4B-00C04F79EFBC}") = "DownloadVideoOverTcpLib", "DownloadVideoOverTcpLib\DownloadVideoOverTcpLib.csproj", "{B0A309A6-3B22-275D-2C56-DFA42ECB3C51}"
EndProject
Project("{2150E333-8FDC-42A3-9474-1A3956D46DE8}") = "NewFolder1", "NewFolder1", "{673B6690-4E99-4866-BC43-56266B69B057}"
EndProject
Project("{FAE04EC0-301F-11D3-BF4B-00C04F79EFBC}") = "SendProgramaaCsv", "SendProgramaaCsv\SendProgramaaCsv.csproj", "{E1E2A627-B9EF-4710-8482-303CFF399893}"
EndProject
Project("{C7167F0D-BC9F-4E6E-AFE1-012C56B48DB5}") = "AthStitcherInstall", "AthStitcherInstall\AthStitcherInstall.wapproj", "{EB87F2C0-A792-46AE-8C34-F9CF5A2CB649}"
EndProject
Global
	GlobalSection(SolutionConfigurationPlatforms) = preSolution
		Debug|Any CPU = Debug|Any CPU
		Debug|ARM = Debug|ARM
		Debug|ARM64 = Debug|ARM64
		Debug|x64 = Debug|x64
		Debug|x86 = Debug|x86
		Release|Any CPU = Release|Any CPU
		Release|ARM = Release|ARM
		Release|ARM64 = Release|ARM64
		Release|x64 = Release|x64
		Release|x86 = Release|x86
	EndGlobalSection
	GlobalSection(ProjectConfigurationPlatforms) = postSolution
		{E4BC8DB3-0857-4B31-97E9-8376BB6CE124}.Debug|Any CPU.ActiveCfg = Debug|Any CPU
		{E4BC8DB3-0857-4B31-97E9-8376BB6CE124}.Debug|Any CPU.Build.0 = Debug|Any CPU
		{E4BC8DB3-0857-4B31-97E9-8376BB6CE124}.Debug|ARM.ActiveCfg = Debug|Any CPU
		{E4BC8DB3-0857-4B31-97E9-8376BB6CE124}.Debug|ARM64.ActiveCfg = Debug|Any CPU
		{E4BC8DB3-0857-4B31-97E9-8376BB6CE124}.Debug|x64.ActiveCfg = Debug|Any CPU
		{E4BC8DB3-0857-4B31-97E9-8376BB6CE124}.Debug|x86.ActiveCfg = Debug|Any CPU
		{E4BC8DB3-0857-4B31-97E9-8376BB6CE124}.Release|Any CPU.ActiveCfg = Release|Any CPU
		{E4BC8DB3-0857-4B31-97E9-8376BB6CE124}.Release|Any CPU.Build.0 = Release|Any CPU
		{E4BC8DB3-0857-4B31-97E9-8376BB6CE124}.Release|ARM.ActiveCfg = Release|Any CPU
		{E4BC8DB3-0857-4B31-97E9-8376BB6CE124}.Release|ARM64.ActiveCfg = Release|Any CPU
		{E4BC8DB3-0857-4B31-97E9-8376BB6CE124}.Release|x64.ActiveCfg = Release|Any CPU
		{E4BC8DB3-0857-4B31-97E9-8376BB6CE124}.Release|x86.ActiveCfg = Release|Any CPU
		{898547B9-461D-7F05-3838-DF1EE59AF6D2}.Debug|Any CPU.ActiveCfg = Debug|Any CPU
		{898547B9-461D-7F05-3838-DF1EE59AF6D2}.Debug|Any CPU.Build.0 = Debug|Any CPU
		{898547B9-461D-7F05-3838-DF1EE59AF6D2}.Debug|ARM.ActiveCfg = Debug|Any CPU
		{898547B9-461D-7F05-3838-DF1EE59AF6D2}.Debug|ARM.Build.0 = Debug|Any CPU
		{898547B9-461D-7F05-3838-DF1EE59AF6D2}.Debug|ARM64.ActiveCfg = Debug|Any CPU
		{898547B9-461D-7F05-3838-DF1EE59AF6D2}.Debug|ARM64.Build.0 = Debug|Any CPU
		{898547B9-461D-7F05-3838-DF1EE59AF6D2}.Debug|x64.ActiveCfg = Debug|Any CPU
		{898547B9-461D-7F05-3838-DF1EE59AF6D2}.Debug|x64.Build.0 = Debug|Any CPU
		{898547B9-461D-7F05-3838-DF1EE59AF6D2}.Debug|x86.ActiveCfg = Debug|Any CPU
		{898547B9-461D-7F05-3838-DF1EE59AF6D2}.Debug|x86.Build.0 = Debug|Any CPU
		{898547B9-461D-7F05-3838-DF1EE59AF6D2}.Release|Any CPU.ActiveCfg = Release|Any CPU
		{898547B9-461D-7F05-3838-DF1EE59AF6D2}.Release|Any CPU.Build.0 = Release|Any CPU
		{898547B9-461D-7F05-3838-DF1EE59AF6D2}.Release|ARM.ActiveCfg = Release|Any CPU
		{898547B9-461D-7F05-3838-DF1EE59AF6D2}.Release|ARM.Build.0 = Release|Any CPU
		{898547B9-461D-7F05-3838-DF1EE59AF6D2}.Release|ARM64.ActiveCfg = Release|Any CPU
		{898547B9-461D-7F05-3838-DF1EE59AF6D2}.Release|ARM64.Build.0 = Release|Any CPU
		{898547B9-461D-7F05-3838-DF1EE59AF6D2}.Release|x64.ActiveCfg = Release|Any CPU
		{898547B9-461D-7F05-3838-DF1EE59AF6D2}.Release|x64.Build.0 = Release|Any CPU
		{898547B9-461D-7F05-3838-DF1EE59AF6D2}.Release|x86.ActiveCfg = Release|Any CPU
		{898547B9-461D-7F05-3838-DF1EE59AF6D2}.Release|x86.Build.0 = Release|Any CPU
		{ECE00AFD-8C9A-4B7F-8D4B-7767F11D4997}.Debug|Any CPU.ActiveCfg = Debug|Any CPU
		{ECE00AFD-8C9A-4B7F-8D4B-7767F11D4997}.Debug|Any CPU.Build.0 = Debug|Any CPU
		{ECE00AFD-8C9A-4B7F-8D4B-7767F11D4997}.Debug|Any CPU.Deploy.0 = Debug|Any CPU
		{ECE00AFD-8C9A-4B7F-8D4B-7767F11D4997}.Debug|ARM.ActiveCfg = Debug|Any CPU
		{ECE00AFD-8C9A-4B7F-8D4B-7767F11D4997}.Debug|ARM64.ActiveCfg = Debug|Any CPU
		{ECE00AFD-8C9A-4B7F-8D4B-7767F11D4997}.Debug|x64.ActiveCfg = Debug|Any CPU
		{ECE00AFD-8C9A-4B7F-8D4B-7767F11D4997}.Debug|x86.ActiveCfg = Debug|Any CPU
		{ECE00AFD-8C9A-4B7F-8D4B-7767F11D4997}.Release|Any CPU.ActiveCfg = Release|Any CPU
		{ECE00AFD-8C9A-4B7F-8D4B-7767F11D4997}.Release|Any CPU.Build.0 = Release|Any CPU
		{ECE00AFD-8C9A-4B7F-8D4B-7767F11D4997}.Release|Any CPU.Deploy.0 = Release|Any CPU
		{ECE00AFD-8C9A-4B7F-8D4B-7767F11D4997}.Release|ARM.ActiveCfg = Release|Any CPU
		{ECE00AFD-8C9A-4B7F-8D4B-7767F11D4997}.Release|ARM64.ActiveCfg = Release|Any CPU
		{ECE00AFD-8C9A-4B7F-8D4B-7767F11D4997}.Release|x64.ActiveCfg = Release|Any CPU
		{ECE00AFD-8C9A-4B7F-8D4B-7767F11D4997}.Release|x86.ActiveCfg = Release|Any CPU
		{6A5635AB-E14C-81E5-BB68-1928C1E8C8CD}.Debug|Any CPU.ActiveCfg = Debug|Any CPU
		{6A5635AB-E14C-81E5-BB68-1928C1E8C8CD}.Debug|Any CPU.Build.0 = Debug|Any CPU
		{6A5635AB-E14C-81E5-BB68-1928C1E8C8CD}.Debug|ARM.ActiveCfg = Debug|Any CPU
		{6A5635AB-E14C-81E5-BB68-1928C1E8C8CD}.Debug|ARM.Build.0 = Debug|Any CPU
		{6A5635AB-E14C-81E5-BB68-1928C1E8C8CD}.Debug|ARM64.ActiveCfg = Debug|Any CPU
		{6A5635AB-E14C-81E5-BB68-1928C1E8C8CD}.Debug|ARM64.Build.0 = Debug|Any CPU
		{6A5635AB-E14C-81E5-BB68-1928C1E8C8CD}.Debug|x64.ActiveCfg = Debug|Any CPU
		{6A5635AB-E14C-81E5-BB68-1928C1E8C8CD}.Debug|x64.Build.0 = Debug|Any CPU
		{6A5635AB-E14C-81E5-BB68-1928C1E8C8CD}.Debug|x86.ActiveCfg = Debug|Any CPU
		{6A5635AB-E14C-81E5-BB68-1928C1E8C8CD}.Debug|x86.Build.0 = Debug|Any CPU
		{6A5635AB-E14C-81E5-BB68-1928C1E8C8CD}.Release|Any CPU.ActiveCfg = Release|Any CPU
		{6A5635AB-E14C-81E5-BB68-1928C1E8C8CD}.Release|Any CPU.Build.0 = Release|Any CPU
		{6A5635AB-E14C-81E5-BB68-1928C1E8C8CD}.Release|ARM.ActiveCfg = Release|Any CPU
		{6A5635AB-E14C-81E5-BB68-1928C1E8C8CD}.Release|ARM.Build.0 = Release|Any CPU
		{6A5635AB-E14C-81E5-BB68-1928C1E8C8CD}.Release|ARM64.ActiveCfg = Release|Any CPU
		{6A5635AB-E14C-81E5-BB68-1928C1E8C8CD}.Release|ARM64.Build.0 = Release|Any CPU
		{6A5635AB-E14C-81E5-BB68-1928C1E8C8CD}.Release|x64.ActiveCfg = Release|Any CPU
		{6A5635AB-E14C-81E5-BB68-1928C1E8C8CD}.Release|x64.Build.0 = Release|Any CPU
		{6A5635AB-E14C-81E5-BB68-1928C1E8C8CD}.Release|x86.ActiveCfg = Release|Any CPU
		{6A5635AB-E14C-81E5-BB68-1928C1E8C8CD}.Release|x86.Build.0 = Release|Any CPU
		{E6BB21FD-8A7F-9711-132C-D09771B4581A}.Debug|Any CPU.ActiveCfg = Debug|Any CPU
		{E6BB21FD-8A7F-9711-132C-D09771B4581A}.Debug|Any CPU.Build.0 = Debug|Any CPU
		{E6BB21FD-8A7F-9711-132C-D09771B4581A}.Debug|ARM.ActiveCfg = Debug|Any CPU
		{E6BB21FD-8A7F-9711-132C-D09771B4581A}.Debug|ARM64.ActiveCfg = Debug|Any CPU
		{E6BB21FD-8A7F-9711-132C-D09771B4581A}.Debug|x64.ActiveCfg = Debug|Any CPU
		{E6BB21FD-8A7F-9711-132C-D09771B4581A}.Debug|x86.ActiveCfg = Debug|Any CPU
		{E6BB21FD-8A7F-9711-132C-D09771B4581A}.Release|Any CPU.ActiveCfg = Release|Any CPU
		{E6BB21FD-8A7F-9711-132C-D09771B4581A}.Release|Any CPU.Build.0 = Release|Any CPU
		{E6BB21FD-8A7F-9711-132C-D09771B4581A}.Release|ARM.ActiveCfg = Release|Any CPU
		{E6BB21FD-8A7F-9711-132C-D09771B4581A}.Release|ARM64.ActiveCfg = Release|Any CPU
		{E6BB21FD-8A7F-9711-132C-D09771B4581A}.Release|x64.ActiveCfg = Release|Any CPU
		{E6BB21FD-8A7F-9711-132C-D09771B4581A}.Release|x86.ActiveCfg = Release|Any CPU
		{A9C61CC3-6D2E-4530-B8E9-976E22B6D529}.Debug|Any CPU.ActiveCfg = Debug|Any CPU
		{A9C61CC3-6D2E-4530-B8E9-976E22B6D529}.Debug|Any CPU.Build.0 = Debug|Any CPU
		{A9C61CC3-6D2E-4530-B8E9-976E22B6D529}.Debug|ARM.ActiveCfg = Debug|Any CPU
		{A9C61CC3-6D2E-4530-B8E9-976E22B6D529}.Debug|ARM.Build.0 = Debug|Any CPU
		{A9C61CC3-6D2E-4530-B8E9-976E22B6D529}.Debug|ARM64.ActiveCfg = Debug|Any CPU
		{A9C61CC3-6D2E-4530-B8E9-976E22B6D529}.Debug|ARM64.Build.0 = Debug|Any CPU
		{A9C61CC3-6D2E-4530-B8E9-976E22B6D529}.Debug|x64.ActiveCfg = Debug|Any CPU
		{A9C61CC3-6D2E-4530-B8E9-976E22B6D529}.Debug|x64.Build.0 = Debug|Any CPU
		{A9C61CC3-6D2E-4530-B8E9-976E22B6D529}.Debug|x86.ActiveCfg = Debug|Any CPU
		{A9C61CC3-6D2E-4530-B8E9-976E22B6D529}.Debug|x86.Build.0 = Debug|Any CPU
		{A9C61CC3-6D2E-4530-B8E9-976E22B6D529}.Release|Any CPU.ActiveCfg = Release|Any CPU
		{A9C61CC3-6D2E-4530-B8E9-976E22B6D529}.Release|Any CPU.Build.0 = Release|Any CPU
		{A9C61CC3-6D2E-4530-B8E9-976E22B6D529}.Release|ARM.ActiveCfg = Release|Any CPU
		{A9C61CC3-6D2E-4530-B8E9-976E22B6D529}.Release|ARM.Build.0 = Release|Any CPU
		{A9C61CC3-6D2E-4530-B8E9-976E22B6D529}.Release|ARM64.ActiveCfg = Release|Any CPU
		{A9C61CC3-6D2E-4530-B8E9-976E22B6D529}.Release|ARM64.Build.0 = Release|Any CPU
		{A9C61CC3-6D2E-4530-B8E9-976E22B6D529}.Release|x64.ActiveCfg = Release|Any CPU
		{A9C61CC3-6D2E-4530-B8E9-976E22B6D529}.Release|x64.Build.0 = Release|Any CPU
		{A9C61CC3-6D2E-4530-B8E9-976E22B6D529}.Release|x86.ActiveCfg = Release|Any CPU
		{A9C61CC3-6D2E-4530-B8E9-976E22B6D529}.Release|x86.Build.0 = Release|Any CPU
		{5E3D1EBB-75BE-5D77-2243-2AF9A25A7770}.Debug|Any CPU.ActiveCfg = Debug|Any CPU
		{5E3D1EBB-75BE-5D77-2243-2AF9A25A7770}.Debug|Any CPU.Build.0 = Debug|Any CPU
		{5E3D1EBB-75BE-5D77-2243-2AF9A25A7770}.Debug|ARM.ActiveCfg = Debug|Any CPU
		{5E3D1EBB-75BE-5D77-2243-2AF9A25A7770}.Debug|ARM.Build.0 = Debug|Any CPU
		{5E3D1EBB-75BE-5D77-2243-2AF9A25A7770}.Debug|ARM64.ActiveCfg = Debug|Any CPU
		{5E3D1EBB-75BE-5D77-2243-2AF9A25A7770}.Debug|ARM64.Build.0 = Debug|Any CPU
		{5E3D1EBB-75BE-5D77-2243-2AF9A25A7770}.Debug|x64.ActiveCfg = Debug|Any CPU
		{5E3D1EBB-75BE-5D77-2243-2AF9A25A7770}.Debug|x64.Build.0 = Debug|Any CPU
		{5E3D1EBB-75BE-5D77-2243-2AF9A25A7770}.Debug|x86.ActiveCfg = Debug|Any CPU
		{5E3D1EBB-75BE-5D77-2243-2AF9A25A7770}.Debug|x86.Build.0 = Debug|Any CPU
		{5E3D1EBB-75BE-5D77-2243-2AF9A25A7770}.Release|Any CPU.ActiveCfg = Release|Any CPU
		{5E3D1EBB-75BE-5D77-2243-2AF9A25A7770}.Release|Any CPU.Build.0 = Release|Any CPU
		{5E3D1EBB-75BE-5D77-2243-2AF9A25A7770}.Release|ARM.ActiveCfg = Release|Any CPU
		{5E3D1EBB-75BE-5D77-2243-2AF9A25A7770}.Release|ARM.Build.0 = Release|Any CPU
		{5E3D1EBB-75BE-5D77-2243-2AF9A25A7770}.Release|ARM64.ActiveCfg = Release|Any CPU
		{5E3D1EBB-75BE-5D77-2243-2AF9A25A7770}.Release|ARM64.Build.0 = Release|Any CPU
		{5E3D1EBB-75BE-5D77-2243-2AF9A25A7770}.Release|x64.ActiveCfg = Release|Any CPU
		{5E3D1EBB-75BE-5D77-2243-2AF9A25A7770}.Release|x64.Build.0 = Release|Any CPU
		{5E3D1EBB-75BE-5D77-2243-2AF9A25A7770}.Release|x86.ActiveCfg = Release|Any CPU
		{5E3D1EBB-75BE-5D77-2243-2AF9A25A7770}.Release|x86.Build.0 = Release|Any CPU
		{B0A309A6-3B22-275D-2C56-DFA42ECB3C51}.Debug|Any CPU.ActiveCfg = Debug|Any CPU
		{B0A309A6-3B22-275D-2C56-DFA42ECB3C51}.Debug|Any CPU.Build.0 = Debug|Any CPU
		{B0A309A6-3B22-275D-2C56-DFA42ECB3C51}.Debug|ARM.ActiveCfg = Debug|Any CPU
		{B0A309A6-3B22-275D-2C56-DFA42ECB3C51}.Debug|ARM.Build.0 = Debug|Any CPU
		{B0A309A6-3B22-275D-2C56-DFA42ECB3C51}.Debug|ARM64.ActiveCfg = Debug|Any CPU
		{B0A309A6-3B22-275D-2C56-DFA42ECB3C51}.Debug|ARM64.Build.0 = Debug|Any CPU
		{B0A309A6-3B22-275D-2C56-DFA42ECB3C51}.Debug|x64.ActiveCfg = Debug|Any CPU
		{B0A309A6-3B22-275D-2C56-DFA42ECB3C51}.Debug|x64.Build.0 = Debug|Any CPU
		{B0A309A6-3B22-275D-2C56-DFA42ECB3C51}.Debug|x86.ActiveCfg = Debug|Any CPU
		{B0A309A6-3B22-275D-2C56-DFA42ECB3C51}.Debug|x86.Build.0 = Debug|Any CPU
		{B0A309A6-3B22-275D-2C56-DFA42ECB3C51}.Release|Any CPU.ActiveCfg = Release|Any CPU
		{B0A309A6-3B22-275D-2C56-DFA42ECB3C51}.Release|Any CPU.Build.0 = Release|Any CPU
		{B0A309A6-3B22-275D-2C56-DFA42ECB3C51}.Release|ARM.ActiveCfg = Release|Any CPU
		{B0A309A6-3B22-275D-2C56-DFA42ECB3C51}.Release|ARM.Build.0 = Release|Any CPU
		{B0A309A6-3B22-275D-2C56-DFA42ECB3C51}.Release|ARM64.ActiveCfg = Release|Any CPU
		{B0A309A6-3B22-275D-2C56-DFA42ECB3C51}.Release|ARM64.Build.0 = Release|Any CPU
		{B0A309A6-3B22-275D-2C56-DFA42ECB3C51}.Release|x64.ActiveCfg = Release|Any CPU
		{B0A309A6-3B22-275D-2C56-DFA42ECB3C51}.Release|x64.Build.0 = Release|Any CPU
		{B0A309A6-3B22-275D-2C56-DFA42ECB3C51}.Release|x86.ActiveCfg = Release|Any CPU
		{B0A309A6-3B22-275D-2C56-DFA42ECB3C51}.Release|x86.Build.0 = Release|Any CPU
		{E1E2A627-B9EF-4710-8482-303CFF399893}.Debug|Any CPU.ActiveCfg = Debug|Any CPU
		{E1E2A627-B9EF-4710-8482-303CFF399893}.Debug|Any CPU.Build.0 = Debug|Any CPU
		{E1E2A627-B9EF-4710-8482-303CFF399893}.Debug|ARM.ActiveCfg = Debug|Any CPU
		{E1E2A627-B9EF-4710-8482-303CFF399893}.Debug|ARM.Build.0 = Debug|Any CPU
		{E1E2A627-B9EF-4710-8482-303CFF399893}.Debug|ARM64.ActiveCfg = Debug|Any CPU
		{E1E2A627-B9EF-4710-8482-303CFF399893}.Debug|ARM64.Build.0 = Debug|Any CPU
		{E1E2A627-B9EF-4710-8482-303CFF399893}.Debug|x64.ActiveCfg = Debug|Any CPU
		{E1E2A627-B9EF-4710-8482-303CFF399893}.Debug|x64.Build.0 = Debug|Any CPU
		{E1E2A627-B9EF-4710-8482-303CFF399893}.Debug|x86.ActiveCfg = Debug|Any CPU
		{E1E2A627-B9EF-4710-8482-303CFF399893}.Debug|x86.Build.0 = Debug|Any CPU
		{E1E2A627-B9EF-4710-8482-303CFF399893}.Release|Any CPU.ActiveCfg = Release|Any CPU
		{E1E2A627-B9EF-4710-8482-303CFF399893}.Release|Any CPU.Build.0 = Release|Any CPU
		{E1E2A627-B9EF-4710-8482-303CFF399893}.Release|ARM.ActiveCfg = Release|Any CPU
		{E1E2A627-B9EF-4710-8482-303CFF399893}.Release|ARM.Build.0 = Release|Any CPU
		{E1E2A627-B9EF-4710-8482-303CFF399893}.Release|ARM64.ActiveCfg = Release|Any CPU
		{E1E2A627-B9EF-4710-8482-303CFF399893}.Release|ARM64.Build.0 = Release|Any CPU
		{E1E2A627-B9EF-4710-8482-303CFF399893}.Release|x64.ActiveCfg = Release|Any CPU
		{E1E2A627-B9EF-4710-8482-303CFF399893}.Release|x64.Build.0 = Release|Any CPU
		{E1E2A627-B9EF-4710-8482-303CFF399893}.Release|x86.ActiveCfg = Release|Any CPU
		{E1E2A627-B9EF-4710-8482-303CFF399893}.Release|x86.Build.0 = Release|Any CPU
		{EB87F2C0-A792-46AE-8C34-F9CF5A2CB649}.Debug|Any CPU.ActiveCfg = Debug|Any CPU
		{EB87F2C0-A792-46AE-8C34-F9CF5A2CB649}.Debug|Any CPU.Build.0 = Debug|Any CPU
		{EB87F2C0-A792-46AE-8C34-F9CF5A2CB649}.Debug|Any CPU.Deploy.0 = Debug|Any CPU
		{EB87F2C0-A792-46AE-8C34-F9CF5A2CB649}.Debug|ARM.ActiveCfg = Debug|ARM
		{EB87F2C0-A792-46AE-8C34-F9CF5A2CB649}.Debug|ARM.Build.0 = Debug|ARM
		{EB87F2C0-A792-46AE-8C34-F9CF5A2CB649}.Debug|ARM.Deploy.0 = Debug|ARM
		{EB87F2C0-A792-46AE-8C34-F9CF5A2CB649}.Debug|ARM64.ActiveCfg = Debug|ARM64
		{EB87F2C0-A792-46AE-8C34-F9CF5A2CB649}.Debug|ARM64.Build.0 = Debug|ARM64
		{EB87F2C0-A792-46AE-8C34-F9CF5A2CB649}.Debug|ARM64.Deploy.0 = Debug|ARM64
		{EB87F2C0-A792-46AE-8C34-F9CF5A2CB649}.Debug|x64.ActiveCfg = Debug|x64
		{EB87F2C0-A792-46AE-8C34-F9CF5A2CB649}.Debug|x64.Build.0 = Debug|x64
		{EB87F2C0-A792-46AE-8C34-F9CF5A2CB649}.Debug|x64.Deploy.0 = Debug|x64
		{EB87F2C0-A792-46AE-8C34-F9CF5A2CB649}.Debug|x86.ActiveCfg = Debug|x86
		{EB87F2C0-A792-46AE-8C34-F9CF5A2CB649}.Debug|x86.Build.0 = Debug|x86
		{EB87F2C0-A792-46AE-8C34-F9CF5A2CB649}.Debug|x86.Deploy.0 = Debug|x86
		{EB87F2C0-A792-46AE-8C34-F9CF5A2CB649}.Release|Any CPU.ActiveCfg = Release|Any CPU
		{EB87F2C0-A792-46AE-8C34-F9CF5A2CB649}.Release|Any CPU.Build.0 = Release|Any CPU
		{EB87F2C0-A792-46AE-8C34-F9CF5A2CB649}.Release|Any CPU.Deploy.0 = Release|Any CPU
		{EB87F2C0-A792-46AE-8C34-F9CF5A2CB649}.Release|ARM.ActiveCfg = Release|ARM
		{EB87F2C0-A792-46AE-8C34-F9CF5A2CB649}.Release|ARM.Build.0 = Release|ARM
		{EB87F2C0-A792-46AE-8C34-F9CF5A2CB649}.Release|ARM.Deploy.0 = Release|ARM
		{EB87F2C0-A792-46AE-8C34-F9CF5A2CB649}.Release|ARM64.ActiveCfg = Release|ARM64
		{EB87F2C0-A792-46AE-8C34-F9CF5A2CB649}.Release|ARM64.Build.0 = Release|ARM64
		{EB87F2C0-A792-46AE-8C34-F9CF5A2CB649}.Release|ARM64.Deploy.0 = Release|ARM64
		{EB87F2C0-A792-46AE-8C34-F9CF5A2CB649}.Release|x64.ActiveCfg = Release|x64
		{EB87F2C0-A792-46AE-8C34-F9CF5A2CB649}.Release|x64.Build.0 = Release|x64
		{EB87F2C0-A792-46AE-8C34-F9CF5A2CB649}.Release|x64.Deploy.0 = Release|x64
		{EB87F2C0-A792-46AE-8C34-F9CF5A2CB649}.Release|x86.ActiveCfg = Release|x86
		{EB87F2C0-A792-46AE-8C34-F9CF5A2CB649}.Release|x86.Build.0 = Release|x86
		{EB87F2C0-A792-46AE-8C34-F9CF5A2CB649}.Release|x86.Deploy.0 = Release|x86
	EndGlobalSection
	GlobalSection(SolutionProperties) = preSolution
		HideSolutionNode = FALSE
	EndGlobalSection
	GlobalSection(NestedProjects) = preSolution
		{02EA681E-C7D8-13C7-8484-4AC65E1B71E8} = {8EC462FD-D22E-90A8-E5CE-7E832BA40C5D}
		{673B6690-4E99-4866-BC43-56266B69B057} = {8EC462FD-D22E-90A8-E5CE-7E832BA40C5D}
		{E1E2A627-B9EF-4710-8482-303CFF399893} = {8EC462FD-D22E-90A8-E5CE-7E832BA40C5D}
	EndGlobalSection
	GlobalSection(ExtensibilityGlobals) = postSolution
		SolutionGuid = {2690AABE-FD8E-48A3-9983-3C385E7668A0}
	EndGlobalSection
EndGlobal
